
Microsoft Visual Studio Solution File, Format Version 12.00
# Visual Studio Version 16
VisualStudioVersion = 16.0.31613.86
MinimumVisualStudioVersion = 10.0.40219.1
Project("{FAE04EC0-301F-11D3-BF4B-00C04F79EFBC}") = "PRY2021271", "PRY2021271\PRY2021271.csproj", "{A0E43771-63E2-4044-B2EB-947F514110D7}"
EndProject
Global
	GlobalSection(SolutionConfigurationPlatforms) = preSolution
		Debug|Any CPU = Debug|Any CPU
		Release|Any CPU = Release|Any CPU
	EndGlobalSection
	GlobalSection(ProjectConfigurationPlatforms) = postSolution
		{A0E43771-63E2-4044-B2EB-947F514110D7}.Debug|Any CPU.ActiveCfg = Debug|Any CPU
		{A0E43771-63E2-4044-B2EB-947F514110D7}.Debug|Any CPU.Build.0 = Debug|Any CPU
		{A0E43771-63E2-4044-B2EB-947F514110D7}.Release|Any CPU.ActiveCfg = Release|Any CPU
		{A0E43771-63E2-4044-B2EB-947F514110D7}.Release|Any CPU.Build.0 = Release|Any CPU
	EndGlobalSection
	GlobalSection(SolutionProperties) = preSolution
		HideSolutionNode = FALSE
	EndGlobalSection
	GlobalSection(ExtensibilityGlobals) = postSolution
		SolutionGuid = {DCECE375-C368-4A71-B24A-F45D1CD28256}
	EndGlobalSection
EndGlobal
