
Microsoft Visual Studio Solution File, Format Version 12.00
# Visual Studio Version 16
VisualStudioVersion = 16.0.31205.134
MinimumVisualStudioVersion = 10.0.40219.1
Project("{9A19103F-16F7-4668-BE54-9A1E7A4F7556}") = "Montrac.Api", "Montrac.Api\Montrac.Api.csproj", "{E39FD901-FEA0-42E0-91D9-BF925D29B552}"
EndProject
Project("{9A19103F-16F7-4668-BE54-9A1E7A4F7556}") = "Montrac.Services", "Montrac.Services\Montrac.Services.csproj", "{042EB0EE-4E34-44EF-B83C-979F47C5A0D4}"
EndProject
Project("{9A19103F-16F7-4668-BE54-9A1E7A4F7556}") = "Montrac.UnitTests", "Montrac.UnitTests\Montrac.UnitTests.csproj", "{4C5545A7-2208-4D32-90FE-07376FBF2CF8}"
EndProject
Project("{9A19103F-16F7-4668-BE54-9A1E7A4F7556}") = "Montrac.Domain", "Montrac.Domain\Montrac.Domain.csproj", "{6E1C665C-C6A3-483A-9554-ED25CE809520}"
EndProject
Project("{9A19103F-16F7-4668-BE54-9A1E7A4F7556}") = "Montrac.Persistence", "Montrac.Persistence\Montrac.Persistence.csproj", "{ADB5FCB2-7ACE-42C9-B497-8B0B7AEB9FEE}"
EndProject
Global
	GlobalSection(SolutionConfigurationPlatforms) = preSolution
		Debug|Any CPU = Debug|Any CPU
		Release|Any CPU = Release|Any CPU
	EndGlobalSection
	GlobalSection(ProjectConfigurationPlatforms) = postSolution
		{E39FD901-FEA0-42E0-91D9-BF925D29B552}.Debug|Any CPU.ActiveCfg = Debug|Any CPU
		{E39FD901-FEA0-42E0-91D9-BF925D29B552}.Debug|Any CPU.Build.0 = Debug|Any CPU
		{E39FD901-FEA0-42E0-91D9-BF925D29B552}.Release|Any CPU.ActiveCfg = Release|Any CPU
		{E39FD901-FEA0-42E0-91D9-BF925D29B552}.Release|Any CPU.Build.0 = Release|Any CPU
		{042EB0EE-4E34-44EF-B83C-979F47C5A0D4}.Debug|Any CPU.ActiveCfg = Debug|Any CPU
		{042EB0EE-4E34-44EF-B83C-979F47C5A0D4}.Debug|Any CPU.Build.0 = Debug|Any CPU
		{042EB0EE-4E34-44EF-B83C-979F47C5A0D4}.Release|Any CPU.ActiveCfg = Release|Any CPU
		{042EB0EE-4E34-44EF-B83C-979F47C5A0D4}.Release|Any CPU.Build.0 = Release|Any CPU
		{4C5545A7-2208-4D32-90FE-07376FBF2CF8}.Debug|Any CPU.ActiveCfg = Debug|Any CPU
		{4C5545A7-2208-4D32-90FE-07376FBF2CF8}.Debug|Any CPU.Build.0 = Debug|Any CPU
		{4C5545A7-2208-4D32-90FE-07376FBF2CF8}.Release|Any CPU.ActiveCfg = Release|Any CPU
		{4C5545A7-2208-4D32-90FE-07376FBF2CF8}.Release|Any CPU.Build.0 = Release|Any CPU
		{6E1C665C-C6A3-483A-9554-ED25CE809520}.Debug|Any CPU.ActiveCfg = Debug|Any CPU
		{6E1C665C-C6A3-483A-9554-ED25CE809520}.Debug|Any CPU.Build.0 = Debug|Any CPU
		{6E1C665C-C6A3-483A-9554-ED25CE809520}.Release|Any CPU.ActiveCfg = Release|Any CPU
		{6E1C665C-C6A3-483A-9554-ED25CE809520}.Release|Any CPU.Build.0 = Release|Any CPU
		{ADB5FCB2-7ACE-42C9-B497-8B0B7AEB9FEE}.Debug|Any CPU.ActiveCfg = Debug|Any CPU
		{ADB5FCB2-7ACE-42C9-B497-8B0B7AEB9FEE}.Debug|Any CPU.Build.0 = Debug|Any CPU
		{ADB5FCB2-7ACE-42C9-B497-8B0B7AEB9FEE}.Release|Any CPU.ActiveCfg = Release|Any CPU
		{ADB5FCB2-7ACE-42C9-B497-8B0B7AEB9FEE}.Release|Any CPU.Build.0 = Release|Any CPU
	EndGlobalSection
	GlobalSection(SolutionProperties) = preSolution
		HideSolutionNode = FALSE
	EndGlobalSection
	GlobalSection(ExtensibilityGlobals) = postSolution
		SolutionGuid = {5FEB98D9-A607-4449-95EB-029A5F8A4994}
	EndGlobalSection
EndGlobal
